
Microsoft Visual Studio Solution File, Format Version 12.00
# Visual Studio Version 16
VisualStudioVersion = 16.0.32413.511
MinimumVisualStudioVersion = 10.0.40219.1
Project("{FAE04EC0-301F-11D3-BF4B-00C04F79EFBC}") = "dgv_columns_order", "dgv_columns_order\dgv_columns_order.csproj", "{B6E79858-1B54-40FF-BD72-5DDCC44AF88E}"
EndProject
Global
	GlobalSection(SolutionConfigurationPlatforms) = preSolution
		Debug|Any CPU = Debug|Any CPU
		Release|Any CPU = Release|Any CPU
	EndGlobalSection
	GlobalSection(ProjectConfigurationPlatforms) = postSolution
		{B6E79858-1B54-40FF-BD72-5DDCC44AF88E}.Debug|Any CPU.ActiveCfg = Debug|Any CPU
		{B6E79858-1B54-40FF-BD72-5DDCC44AF88E}.Debug|Any CPU.Build.0 = Debug|Any CPU
		{B6E79858-1B54-40FF-BD72-5DDCC44AF88E}.Release|Any CPU.ActiveCfg = Release|Any CPU
		{B6E79858-1B54-40FF-BD72-5DDCC44AF88E}.Release|Any CPU.Build.0 = Release|Any CPU
	EndGlobalSection
	GlobalSection(SolutionProperties) = preSolution
		HideSolutionNode = FALSE
	EndGlobalSection
	GlobalSection(ExtensibilityGlobals) = postSolution
		SolutionGuid = {1D29B6D6-140A-4BC3-8EFA-A505019E279C}
	EndGlobalSection
EndGlobal
